
Microsoft Visual Studio Solution File, Format Version 11.00
# Visual Studio 2010
Project("{D2ABAB84-BF74-430A-B69E-9DC6D40DDA17}") = "ExamenDWH", "ExamenDWH\ExamenDWH.dwproj", "{52DDB5A9-0A43-4685-89CC-B3F915BDE9B0}"
EndProject
Global
	GlobalSection(SolutionConfigurationPlatforms) = preSolution
		Development|Default = Development|Default
	EndGlobalSection
	GlobalSection(ProjectConfigurationPlatforms) = postSolution
		{52DDB5A9-0A43-4685-89CC-B3F915BDE9B0}.Development|Default.ActiveCfg = Development
		{52DDB5A9-0A43-4685-89CC-B3F915BDE9B0}.Development|Default.Build.0 = Development
		{52DDB5A9-0A43-4685-89CC-B3F915BDE9B0}.Development|Default.Deploy.0 = Development
	EndGlobalSection
	GlobalSection(SolutionProperties) = preSolution
		HideSolutionNode = FALSE
	EndGlobalSection
EndGlobal
